{
  "name": "@d3vtool/strict-env",
  "version": "2.0.14",
  "lockfileVersion": 3,
  "requires": true,
  "packages": {
    "": {
      "name": "@d3vtool/strict-env",
      "version": "2.0.14",
      "license": "MIT",
      "dependencies": {
        "@d3vtool/validator": "^1.1.4"
      }
    },
    "node_modules/@d3vtool/validator": {
      "version": "1.1.4",
      "resolved": "https://registry.npmjs.org/@d3vtool/validator/-/validator-1.1.4.tgz",
      "integrity": "sha512-+In/vgYs8omxBuZfXDN09CpCWqGiRWHl81ObRa2XYWTlQB1Bg1yWiBTw31iswzob+58Y1E6sJTMU6ZCgfdidWA==",
      "license": "MIT"
    }
  }
}
