{
  "name": "@d3vtool/strict-env",
  "version": "1.1.4",
  "lockfileVersion": 3,
  "requires": true,
  "packages": {
    "": {
      "name": "@d3vtool/strict-env",
      "version": "1.1.4",
      "license": "MIT",
      "dependencies": {
        "@d3vtool/validator": "^1.1.0"
      }
    },
    "node_modules/@d3vtool/validator": {
      "version": "1.1.0",
      "resolved": "https://registry.npmjs.org/@d3vtool/validator/-/validator-1.1.0.tgz",
      "integrity": "sha512-E9gFUbTkkm6UVMwGbmGwef+bYe/9Sk9Y1wc31uItNg4ISZwj8/OB6ZZ6BL8lbOVJQTsigMeBPxxgYd9N1p0XAg==",
      "license": "MIT"
    }
  }
}
