{
  "name": "@d3vtool/strict-env",
  "version": "2.0.12",
  "lockfileVersion": 3,
  "requires": true,
  "packages": {
    "": {
      "name": "@d3vtool/strict-env",
      "version": "2.0.12",
      "license": "MIT",
      "dependencies": {
        "@d3vtool/validator": "^1.1.2"
      }
    },
    "node_modules/@d3vtool/validator": {
      "version": "1.1.2",
      "resolved": "https://registry.npmjs.org/@d3vtool/validator/-/validator-1.1.2.tgz",
      "integrity": "sha512-UXLdXVEa7YOM54jAI9EKYFkQGmSq5om87D56XcPmS0pA/p/aH9A2ANl6cJpblUVy7dMaHLDqDxFb980yo8aMcA==",
      "license": "MIT"
    }
  }
}
